# This file was autogenerated by Stack.
# You should not edit this file by hand.
# For more information, please see the documentation at:
#   https://docs.haskellstack.org/en/stable/lock_files

packages:
- completed:
    hackage: acid-state-0.16.0.1@sha256:d43f6ee0b23338758156c500290c4405d769abefeb98e9bc112780dae09ece6f,6207
    pantry-tree:
      size: 13678
      sha256: d57bcb2ad5e01fe7424abbcf9e58cf943027b5c4a8496d93625c57b6e1272274
  original:
    hackage: acid-state-0.16.0.1
snapshots:
- completed:
    size: 532177
    url: https://raw.githubusercontent.com/commercialhaskell/stackage-snapshots/master/lts/16/20.yaml
    sha256: 0e14ba5603f01e8496e8984fd84b545a012ca723f51a098c6c9d3694e404dc6d
  original: lts-16.20
